
Microsoft Visual Studio Solution File, Format Version 12.00
# Visual Studio 2013
VisualStudioVersion = 12.0.40629.0
MinimumVisualStudioVersion = 10.0.40219.1
Project("{FAE04EC0-301F-11D3-BF4B-00C04F79EFBC}") = "ChainOfResponsibilityDemo", "ChainOfResponsibilityDemo\ChainOfResponsibilityDemo.csproj", "{A7846282-0FE2-413C-980E-D0FE1F564B66}"
EndProject
Project("{FAE04EC0-301F-11D3-BF4B-00C04F79EFBC}") = "IteratorDemo", "IteratorDemo\IteratorDemo.csproj", "{5C6F65AF-554C-4FD1-8357-465AD8E8F3FB}"
EndProject
Project("{FAE04EC0-301F-11D3-BF4B-00C04F79EFBC}") = "StrategyDemo", "StrategyDemo\StrategyDemo.csproj", "{28BBBDB7-9AC6-4F8F-A5FA-35092EEF2B40}"
EndProject
Global
	GlobalSection(SolutionConfigurationPlatforms) = preSolution
		Debug|Any CPU = Debug|Any CPU
		Release|Any CPU = Release|Any CPU
	EndGlobalSection
	GlobalSection(ProjectConfigurationPlatforms) = postSolution
		{A7846282-0FE2-413C-980E-D0FE1F564B66}.Debug|Any CPU.ActiveCfg = Debug|Any CPU
		{A7846282-0FE2-413C-980E-D0FE1F564B66}.Debug|Any CPU.Build.0 = Debug|Any CPU
		{A7846282-0FE2-413C-980E-D0FE1F564B66}.Release|Any CPU.ActiveCfg = Release|Any CPU
		{A7846282-0FE2-413C-980E-D0FE1F564B66}.Release|Any CPU.Build.0 = Release|Any CPU
		{5C6F65AF-554C-4FD1-8357-465AD8E8F3FB}.Debug|Any CPU.ActiveCfg = Debug|Any CPU
		{5C6F65AF-554C-4FD1-8357-465AD8E8F3FB}.Debug|Any CPU.Build.0 = Debug|Any CPU
		{5C6F65AF-554C-4FD1-8357-465AD8E8F3FB}.Release|Any CPU.ActiveCfg = Release|Any CPU
		{5C6F65AF-554C-4FD1-8357-465AD8E8F3FB}.Release|Any CPU.Build.0 = Release|Any CPU
		{28BBBDB7-9AC6-4F8F-A5FA-35092EEF2B40}.Debug|Any CPU.ActiveCfg = Debug|Any CPU
		{28BBBDB7-9AC6-4F8F-A5FA-35092EEF2B40}.Debug|Any CPU.Build.0 = Debug|Any CPU
		{28BBBDB7-9AC6-4F8F-A5FA-35092EEF2B40}.Release|Any CPU.ActiveCfg = Release|Any CPU
		{28BBBDB7-9AC6-4F8F-A5FA-35092EEF2B40}.Release|Any CPU.Build.0 = Release|Any CPU
	EndGlobalSection
	GlobalSection(SolutionProperties) = preSolution
		HideSolutionNode = FALSE
	EndGlobalSection
EndGlobal
