
Microsoft Visual Studio Solution File, Format Version 12.00
# Visual Studio 2013
VisualStudioVersion = 12.0.31101.0
MinimumVisualStudioVersion = 10.0.40219.1
Project("{FAE04EC0-301F-11D3-BF4B-00C04F79EFBC}") = "SolarSystem", "SolarSystem.csproj", "{2F30E9AF-8256-40AF-B356-EA14E55CE9D7}"
EndProject
Project("{2150E333-8FDC-42A3-9474-1A3956D46DE8}") = "_BottleNeckImages", "_BottleNeckImages", "{5918996B-3EDA-4A8C-BA63-8A4275E06141}"
	ProjectSection(SolutionItems) = preProject
		BottleNeckImages\bottleneckAfter1.jpg = BottleNeckImages\bottleneckAfter1.jpg
		BottleNeckImages\bottleneckAfter2.jpg = BottleNeckImages\bottleneckAfter2.jpg
		BottleNeckImages\bottleneckBefore.jpg = BottleNeckImages\bottleneckBefore.jpg
		BottleNeckImages\codeAfter.jpg = BottleNeckImages\codeAfter.jpg
		BottleNeckImages\codeBefore.jpg = BottleNeckImages\codeBefore.jpg
	EndProjectSection
EndProject
Global
	GlobalSection(SolutionConfigurationPlatforms) = preSolution
		Debug|Any CPU = Debug|Any CPU
		Release|Any CPU = Release|Any CPU
	EndGlobalSection
	GlobalSection(ProjectConfigurationPlatforms) = postSolution
		{2F30E9AF-8256-40AF-B356-EA14E55CE9D7}.Debug|Any CPU.ActiveCfg = Debug|Any CPU
		{2F30E9AF-8256-40AF-B356-EA14E55CE9D7}.Debug|Any CPU.Build.0 = Debug|Any CPU
		{2F30E9AF-8256-40AF-B356-EA14E55CE9D7}.Release|Any CPU.ActiveCfg = Release|Any CPU
		{2F30E9AF-8256-40AF-B356-EA14E55CE9D7}.Release|Any CPU.Build.0 = Release|Any CPU
	EndGlobalSection
	GlobalSection(SolutionProperties) = preSolution
		HideSolutionNode = FALSE
	EndGlobalSection
EndGlobal
