
Microsoft Visual Studio Solution File, Format Version 11.00
# Visual Studio 2010
# SharpDevelop 5.1
Project("{FAE04EC0-301F-11D3-BF4B-00C04F79EFBC}") = "De-cat-coding", "De-cat-coding.csproj", "{9AC9999E-E9D6-458D-87DB-9D6A00A7B82A}"
EndProject
Project("{FAE04EC0-301F-11D3-BF4B-00C04F79EFBC}") = "Increasing-Absolute-Deifferences", "..\Increasing-Absolute-Deifferences\Increasing-Absolute-Deifferences.csproj", "{A3F7F1E3-AFDF-408D-BC1E-3953B738E971}"
EndProject
Project("{FAE04EC0-301F-11D3-BF4B-00C04F79EFBC}") = "Bit-Shift-Matrix", "..\Bit-Shift-Matrix\Bit-Shift-Matrix.csproj", "{3DC84447-140C-4A3F-BFE8-EFD5B1294E43}"
EndProject
Global
	GlobalSection(SolutionConfigurationPlatforms) = preSolution
		Debug|Any CPU = Debug|Any CPU
		Release|Any CPU = Release|Any CPU
	EndGlobalSection
	GlobalSection(ProjectConfigurationPlatforms) = postSolution
		{9AC9999E-E9D6-458D-87DB-9D6A00A7B82A}.Debug|Any CPU.ActiveCfg = Debug|Any CPU
		{9AC9999E-E9D6-458D-87DB-9D6A00A7B82A}.Debug|Any CPU.Build.0 = Debug|Any CPU
		{9AC9999E-E9D6-458D-87DB-9D6A00A7B82A}.Release|Any CPU.ActiveCfg = Release|Any CPU
		{9AC9999E-E9D6-458D-87DB-9D6A00A7B82A}.Release|Any CPU.Build.0 = Release|Any CPU
		{A3F7F1E3-AFDF-408D-BC1E-3953B738E971}.Debug|Any CPU.ActiveCfg = Debug|Any CPU
		{A3F7F1E3-AFDF-408D-BC1E-3953B738E971}.Debug|Any CPU.Build.0 = Debug|Any CPU
		{A3F7F1E3-AFDF-408D-BC1E-3953B738E971}.Release|Any CPU.ActiveCfg = Release|Any CPU
		{A3F7F1E3-AFDF-408D-BC1E-3953B738E971}.Release|Any CPU.Build.0 = Release|Any CPU
		{3DC84447-140C-4A3F-BFE8-EFD5B1294E43}.Debug|Any CPU.ActiveCfg = Debug|Any CPU
		{3DC84447-140C-4A3F-BFE8-EFD5B1294E43}.Debug|Any CPU.Build.0 = Debug|Any CPU
		{3DC84447-140C-4A3F-BFE8-EFD5B1294E43}.Release|Any CPU.ActiveCfg = Release|Any CPU
		{3DC84447-140C-4A3F-BFE8-EFD5B1294E43}.Release|Any CPU.Build.0 = Release|Any CPU
	EndGlobalSection
EndGlobal
